{
  "name": "portfolio",
  "version": "1.0.0",
  "lockfileVersion": 2,
  "requires": true,
  "packages": {
    "": {
      "name": "portfolio",
      "version": "1.0.0",
      "devDependencies": {
        "@axe-core/playwright": "4.11.1",
        "@fontsource-variable/manrope": "5.2.8",
        "playwright-core": "1.61.1",
        "prettier": "3.6.2"
      }
    },
    "node_modules/@axe-core/playwright": {
      "version": "4.11.1",
      "resolved": "https://registry.npmjs.org/@axe-core/playwright/-/playwright-4.11.1.tgz",
      "integrity": "sha512-mKEfoUIB1MkVTht0BGZFXtSAEKXMJoDkyV5YZ9jbBmZCcWDz71tegNsdTkIN8zc/yMi5Gm2kx7Z5YQ9PfWNAWw==",
      "dev": true,
      "dependencies": {
        "axe-core": "~4.11.1"
      },
      "peerDependencies": {
        "playwright-core": ">= 1.0.0"
      }
    },
    "node_modules/@fontsource-variable/manrope": {
      "version": "5.2.8",
      "resolved": "https://registry.npmjs.org/@fontsource-variable/manrope/-/manrope-5.2.8.tgz",
      "integrity": "sha512-nc9lOuCRz73UHnovDE2bwXUdghE2SEOc7Aii0qGe3CLyE03W1a7VnY5Z6euRiapiKbCkGS+eXbY3s/kvWeGeSw==",
      "dev": true,
      "funding": {
        "url": "https://github.com/sponsors/ayuhito"
      }
    },
    "node_modules/axe-core": {
      "version": "4.11.4",
      "resolved": "https://registry.npmjs.org/axe-core/-/axe-core-4.11.4.tgz",
      "integrity": "sha512-KunSNx+TVpkAw/6ULfhnx+HWRecjqZGTOyquAoWHYLRSdK1tB5Ihce1ZW+UY3fj33bYAFWPu7W/GRSmmrCGuxA==",
      "dev": true,
      "engines": {
        "node": ">=4"
      }
    },
    "node_modules/playwright-core": {
      "version": "1.61.1",
      "resolved": "https://registry.npmjs.org/playwright-core/-/playwright-core-1.61.1.tgz",
      "integrity": "sha512-h7Qlt6m4REp25qvIdvbDtVmD4LqVXfpRxhORv9L0jzETM05p4fuPJ3dKyuSXQxDSbXnmS79HAgi9589lGSpLkg==",
      "dev": true,
      "bin": {
        "playwright-core": "cli.js"
      },
      "engines": {
        "node": ">=18"
      }
    },
    "node_modules/prettier": {
      "version": "3.6.2",
      "resolved": "https://registry.npmjs.org/prettier/-/prettier-3.6.2.tgz",
      "integrity": "sha512-I7AIg5boAr5R0FFtJ6rCfD+LFsWHp81dolrFD8S79U9tb8Az2nGrJncnMSnys+bpQJfRUzqs9hnA81OAA3hCuQ==",
      "dev": true,
      "bin": {
        "prettier": "bin/prettier.cjs"
      },
      "engines": {
        "node": ">=14"
      },
      "funding": {
        "url": "https://github.com/prettier/prettier?sponsor=1"
      }
    }
  },
  "dependencies": {
    "@axe-core/playwright": {
      "version": "4.11.1",
      "resolved": "https://registry.npmjs.org/@axe-core/playwright/-/playwright-4.11.1.tgz",
      "integrity": "sha512-mKEfoUIB1MkVTht0BGZFXtSAEKXMJoDkyV5YZ9jbBmZCcWDz71tegNsdTkIN8zc/yMi5Gm2kx7Z5YQ9PfWNAWw==",
      "dev": true,
      "requires": {
        "axe-core": "~4.11.1"
      }
    },
    "@fontsource-variable/manrope": {
      "version": "5.2.8",
      "resolved": "https://registry.npmjs.org/@fontsource-variable/manrope/-/manrope-5.2.8.tgz",
      "integrity": "sha512-nc9lOuCRz73UHnovDE2bwXUdghE2SEOc7Aii0qGe3CLyE03W1a7VnY5Z6euRiapiKbCkGS+eXbY3s/kvWeGeSw==",
      "dev": true
    },
    "axe-core": {
      "version": "4.11.4",
      "resolved": "https://registry.npmjs.org/axe-core/-/axe-core-4.11.4.tgz",
      "integrity": "sha512-KunSNx+TVpkAw/6ULfhnx+HWRecjqZGTOyquAoWHYLRSdK1tB5Ihce1ZW+UY3fj33bYAFWPu7W/GRSmmrCGuxA==",
      "dev": true
    },
    "playwright-core": {
      "version": "1.61.1",
      "resolved": "https://registry.npmjs.org/playwright-core/-/playwright-core-1.61.1.tgz",
      "integrity": "sha512-h7Qlt6m4REp25qvIdvbDtVmD4LqVXfpRxhORv9L0jzETM05p4fuPJ3dKyuSXQxDSbXnmS79HAgi9589lGSpLkg==",
      "dev": true
    },
    "prettier": {
      "version": "3.6.2",
      "resolved": "https://registry.npmjs.org/prettier/-/prettier-3.6.2.tgz",
      "integrity": "sha512-I7AIg5boAr5R0FFtJ6rCfD+LFsWHp81dolrFD8S79U9tb8Az2nGrJncnMSnys+bpQJfRUzqs9hnA81OAA3hCuQ==",
      "dev": true
    }
  }
}
